// !$*UTF8*$!
{
	archiveVersion = 1;
	classes = {
	};
	objectVersion = 46;
	objects = {

/* Begin PBXBuildFile section */
		5DEF863A238975B900AD9F73 /* Ruby.Framework in Frameworks */ = {isa = PBXBuildFile; fileRef = 5DEF8639238975B900AD9F73 /* Ruby.Framework */; };
		E456A9491DAB819F006867DD /* HashTest.cpp in Sources */ = {isa = PBXBuildFile; fileRef = E4A78E4C19233FEC00E16E8C /* HashTest.cpp */; };
		E456A94A1DAB819F006867DD /* GeneralHashFunctions.cpp in Sources */ = {isa = PBXBuildFile; fileRef = E4A78E4A19233FEC00E16E8C /* GeneralHashFunctions.cpp */; };
		E456A94B1DAB819F006867DD /* SkalpC.cpp in Sources */ = {isa = PBXBuildFile; fileRef = 33CDE7AF182705EB00F7C6E8 /* SkalpC.cpp */; };
		E456A94C1DAB819F006867DD /* clipper.cpp in Sources */ = {isa = PBXBuildFile; fileRef = E4B7FCC21A21F693007C3655 /* clipper.cpp */; };
		E456A94D1DAB819F006867DD /* RubyUtils.cpp in Sources */ = {isa = PBXBuildFile; fileRef = 33CDE7B718270A4800F7C6E8 /* RubyUtils.cpp */; };
		E456A94E1DAB819F006867DD /* base64.cpp in Sources */ = {isa = PBXBuildFile; fileRef = E4A3D30A192261FE008CD0A4 /* base64.cpp */; };
		E456A9521DAB819F006867DD /* RubyLib.h in Headers */ = {isa = PBXBuildFile; fileRef = 33CDE7B618270A4800F7C6E8 /* RubyLib.h */; };
		E456A9531DAB819F006867DD /* clipper.hpp in Headers */ = {isa = PBXBuildFile; fileRef = E4B7FCC31A21F693007C3655 /* clipper.hpp */; };
		E456A9541DAB819F006867DD /* RubyUtils.h in Headers */ = {isa = PBXBuildFile; fileRef = 33CDE7B818270A4800F7C6E8 /* RubyUtils.h */; };
		E456A9551DAB819F006867DD /* base64.h in Headers */ = {isa = PBXBuildFile; fileRef = E40289EA19226FD7007E47BA /* base64.h */; };
		E456A9561DAB819F006867DD /* GeneralHashFunctions.h in Headers */ = {isa = PBXBuildFile; fileRef = E4A78E4B19233FEC00E16E8C /* GeneralHashFunctions.h */; };
/* End PBXBuildFile section */

/* Begin PBXFileReference section */
		33CDE7AF182705EB00F7C6E8 /* SkalpC.cpp */ = {isa = PBXFileReference; fileEncoding = 4; lastKnownFileType = sourcecode.cpp.cpp; name = SkalpC.cpp; path = src/SkalpC.cpp; sourceTree = "<group>"; };
		33CDE7B618270A4800F7C6E8 /* RubyLib.h */ = {isa = PBXFileReference; fileEncoding = 4; lastKnownFileType = sourcecode.c.h; path = RubyLib.h; sourceTree = "<group>"; };
		33CDE7B718270A4800F7C6E8 /* RubyUtils.cpp */ = {isa = PBXFileReference; fileEncoding = 4; lastKnownFileType = sourcecode.cpp.cpp; path = RubyUtils.cpp; sourceTree = "<group>"; };
		33CDE7B818270A4800F7C6E8 /* RubyUtils.h */ = {isa = PBXFileReference; fileEncoding = 4; lastKnownFileType = sourcecode.c.h; path = RubyUtils.h; sourceTree = "<group>"; };
		5DEF8639238975B900AD9F73 /* Ruby.Framework */ = {isa = PBXFileReference; lastKnownFileType = wrapper.framework; name = Ruby.Framework; path = ThirdParty/ruby/lib/mac/Ruby.Framework; sourceTree = "<group>"; };
		CE1590E518479EAB0084B06D /* SkalpC_exports.txt */ = {isa = PBXFileReference; lastKnownFileType = text; path = SkalpC_exports.txt; sourceTree = "<group>"; };
		E40289EA19226FD7007E47BA /* base64.h */ = {isa = PBXFileReference; fileEncoding = 4; lastKnownFileType = sourcecode.c.h; name = base64.h; path = src/base64/base64.h; sourceTree = "<group>"; };
		E456A95A1DAB819F006867DD /* SkalpC.bundle */ = {isa = PBXFileReference; explicitFileType = "compiled.mach-o.dylib"; includeInIndex = 0; path = SkalpC.bundle; sourceTree = BUILT_PRODUCTS_DIR; };
		E4A3D30A192261FE008CD0A4 /* base64.cpp */ = {isa = PBXFileReference; fileEncoding = 4; lastKnownFileType = sourcecode.cpp.cpp; name = base64.cpp; path = src/base64/base64.cpp; sourceTree = SOURCE_ROOT; };
		E4A78E4A19233FEC00E16E8C /* GeneralHashFunctions.cpp */ = {isa = PBXFileReference; fileEncoding = 4; lastKnownFileType = sourcecode.cpp.cpp; name = GeneralHashFunctions.cpp; path = src/GeneralHash/GeneralHashFunctions.cpp; sourceTree = "<group>"; };
		E4A78E4B19233FEC00E16E8C /* GeneralHashFunctions.h */ = {isa = PBXFileReference; fileEncoding = 4; lastKnownFileType = sourcecode.c.h; name = GeneralHashFunctions.h; path = src/GeneralHash/GeneralHashFunctions.h; sourceTree = "<group>"; };
		E4A78E4C19233FEC00E16E8C /* HashTest.cpp */ = {isa = PBXFileReference; fileEncoding = 4; lastKnownFileType = sourcecode.cpp.cpp; name = HashTest.cpp; path = src/GeneralHash/HashTest.cpp; sourceTree = "<group>"; };
		E4B7FCC21A21F693007C3655 /* clipper.cpp */ = {isa = PBXFileReference; fileEncoding = 4; lastKnownFileType = sourcecode.cpp.cpp; path = clipper.cpp; sourceTree = "<group>"; };
		E4B7FCC31A21F693007C3655 /* clipper.hpp */ = {isa = PBXFileReference; fileEncoding = 4; lastKnownFileType = sourcecode.cpp.h; path = clipper.hpp; sourceTree = "<group>"; };
/* End PBXFileReference section */

/* Begin PBXFrameworksBuildPhase section */
		E456A94F1DAB819F006867DD /* Frameworks */ = {
			isa = PBXFrameworksBuildPhase;
			buildActionMask = 2147483647;
			files = (
				5DEF863A238975B900AD9F73 /* Ruby.Framework in Frameworks */,
			);
			runOnlyForDeploymentPostprocessing = 0;
		};
/* End PBXFrameworksBuildPhase section */

/* Begin PBXGroup section */
		33CDE5DA182703B100F7C6E8 = {
			isa = PBXGroup;
			children = (
				E4B7FCC11A21F693007C3655 /* clipper */,
				E4756D6719FA600600B4AC96 /* Frameworks */,
				E4A78E511923400200E16E8C /* GeneralHash */,
				E40289E8192264E0007E47BA /* base64 */,
				33CDE7B518270A4800F7C6E8 /* RubyUtils */,
				33CDE7AF182705EB00F7C6E8 /* SkalpC.cpp */,
				CE1590E518479EAB0084B06D /* SkalpC_exports.txt */,
				33CDE5E6182703B200F7C6E8 /* Products */,
			);
			sourceTree = "<group>";
		};
		33CDE5E6182703B200F7C6E8 /* Products */ = {
			isa = PBXGroup;
			children = (
				E456A95A1DAB819F006867DD /* SkalpC.bundle */,
			);
			name = Products;
			sourceTree = "<group>";
		};
		33CDE7B518270A4800F7C6E8 /* RubyUtils */ = {
			isa = PBXGroup;
			children = (
				33CDE7B618270A4800F7C6E8 /* RubyLib.h */,
				33CDE7B718270A4800F7C6E8 /* RubyUtils.cpp */,
				33CDE7B818270A4800F7C6E8 /* RubyUtils.h */,
			);
			name = RubyUtils;
			path = src/RubyUtils;
			sourceTree = "<group>";
		};
		E40289E8192264E0007E47BA /* base64 */ = {
			isa = PBXGroup;
			children = (
				E40289EA19226FD7007E47BA /* base64.h */,
				E4A3D30A192261FE008CD0A4 /* base64.cpp */,
			);
			name = base64;
			sourceTree = "<group>";
		};
		E45F649121918ACF0060F91E /* Ruby */ = {
			isa = PBXGroup;
			children = (
				5DEF8639238975B900AD9F73 /* Ruby.Framework */,
			);
			name = Ruby;
			sourceTree = "<group>";
		};
		E4756D6719FA600600B4AC96 /* Frameworks */ = {
			isa = PBXGroup;
			children = (
				E45F649121918ACF0060F91E /* Ruby */,
			);
			name = Frameworks;
			sourceTree = "<group>";
		};
		E4A78E511923400200E16E8C /* GeneralHash */ = {
			isa = PBXGroup;
			children = (
				E4A78E4A19233FEC00E16E8C /* GeneralHashFunctions.cpp */,
				E4A78E4B19233FEC00E16E8C /* GeneralHashFunctions.h */,
				E4A78E4C19233FEC00E16E8C /* HashTest.cpp */,
			);
			name = GeneralHash;
			sourceTree = "<group>";
		};
		E4B7FCC11A21F693007C3655 /* clipper */ = {
			isa = PBXGroup;
			children = (
				E4B7FCC21A21F693007C3655 /* clipper.cpp */,
				E4B7FCC31A21F693007C3655 /* clipper.hpp */,
			);
			name = clipper;
			path = src/clipper;
			sourceTree = "<group>";
		};
/* End PBXGroup section */

/* Begin PBXHeadersBuildPhase section */
		E456A9511DAB819F006867DD /* Headers */ = {
			isa = PBXHeadersBuildPhase;
			buildActionMask = 2147483647;
			files = (
				E456A9521DAB819F006867DD /* RubyLib.h in Headers */,
				E456A9531DAB819F006867DD /* clipper.hpp in Headers */,
				E456A9541DAB819F006867DD /* RubyUtils.h in Headers */,
				E456A9551DAB819F006867DD /* base64.h in Headers */,
				E456A9561DAB819F006867DD /* GeneralHashFunctions.h in Headers */,
			);
			runOnlyForDeploymentPostprocessing = 0;
		};
/* End PBXHeadersBuildPhase section */

/* Begin PBXNativeTarget section */
		E456A9471DAB819F006867DD /* Ruby_2_5_x86_64 */ = {
			isa = PBXNativeTarget;
			buildConfigurationList = E456A9571DAB819F006867DD /* Build configuration list for PBXNativeTarget "Ruby_2_5_x86_64" */;
			buildPhases = (
				E456A9481DAB819F006867DD /* Sources */,
				E456A94F1DAB819F006867DD /* Frameworks */,
				E456A9511DAB819F006867DD /* Headers */,
			);
			buildRules = (
			);
			dependencies = (
			);
			name = Ruby_2_5_x86_64;
			productName = "Hello World";
			productReference = E456A95A1DAB819F006867DD /* SkalpC.bundle */;
			productType = "com.apple.product-type.library.dynamic";
		};
/* End PBXNativeTarget section */

/* Begin PBXProject section */
		33CDE5DC182703B100F7C6E8 /* Project object */ = {
			isa = PBXProject;
			attributes = {
				LastUpgradeCheck = 1330;
				ORGANIZATIONNAME = Skalp;
			};
			buildConfigurationList = 33CDE5DF182703B100F7C6E8 /* Build configuration list for PBXProject "SkalpC" */;
			compatibilityVersion = "Xcode 3.2";
			developmentRegion = en;
			hasScannedForEncodings = 0;
			knownRegions = (
				en,
				Base,
			);
			mainGroup = 33CDE5DA182703B100F7C6E8;
			productRefGroup = 33CDE5E6182703B200F7C6E8 /* Products */;
			projectDirPath = "";
			projectRoot = "";
			targets = (
				E456A9471DAB819F006867DD /* Ruby_2_5_x86_64 */,
			);
		};
/* End PBXProject section */

/* Begin PBXSourcesBuildPhase section */
		E456A9481DAB819F006867DD /* Sources */ = {
			isa = PBXSourcesBuildPhase;
			buildActionMask = 2147483647;
			files = (
				E456A9491DAB819F006867DD /* HashTest.cpp in Sources */,
				E456A94A1DAB819F006867DD /* GeneralHashFunctions.cpp in Sources */,
				E456A94B1DAB819F006867DD /* SkalpC.cpp in Sources */,
				E456A94C1DAB819F006867DD /* clipper.cpp in Sources */,
				E456A94D1DAB819F006867DD /* RubyUtils.cpp in Sources */,
				E456A94E1DAB819F006867DD /* base64.cpp in Sources */,
			);
			runOnlyForDeploymentPostprocessing = 0;
		};
/* End PBXSourcesBuildPhase section */

/* Begin XCBuildConfiguration section */
		33CDE5E7182703B200F7C6E8 /* Debug */ = {
			isa = XCBuildConfiguration;
			buildSettings = {
				ALWAYS_SEARCH_USER_PATHS = NO;
				CLANG_ANALYZER_LOCALIZABILITY_NONLOCALIZED = YES;
				CLANG_CXX_LANGUAGE_STANDARD = "gnu++0x";
				CLANG_CXX_LIBRARY = "libc++";
				CLANG_WARN_BLOCK_CAPTURE_AUTORELEASING = YES;
				CLANG_WARN_BOOL_CONVERSION = YES;
				CLANG_WARN_COMMA = YES;
				CLANG_WARN_CONSTANT_CONVERSION = YES;
				CLANG_WARN_DEPRECATED_OBJC_IMPLEMENTATIONS = YES;
				CLANG_WARN_EMPTY_BODY = YES;
				CLANG_WARN_ENUM_CONVERSION = YES;
				CLANG_WARN_INFINITE_RECURSION = YES;
				CLANG_WARN_INT_CONVERSION = YES;
				CLANG_WARN_NON_LITERAL_NULL_CONVERSION = YES;
				CLANG_WARN_OBJC_IMPLICIT_RETAIN_SELF = YES;
				CLANG_WARN_OBJC_LITERAL_CONVERSION = YES;
				CLANG_WARN_QUOTED_INCLUDE_IN_FRAMEWORK_HEADER = YES;
				CLANG_WARN_RANGE_LOOP_ANALYSIS = YES;
				CLANG_WARN_STRICT_PROTOTYPES = YES;
				CLANG_WARN_SUSPICIOUS_MOVE = YES;
				CLANG_WARN_UNREACHABLE_CODE = YES;
				CLANG_WARN__DUPLICATE_METHOD_MATCH = YES;
				COPY_PHASE_STRIP = NO;
				ENABLE_STRICT_OBJC_MSGSEND = YES;
				ENABLE_TESTABILITY = YES;
				EXECUTABLE_EXTENSION = bundle;
				EXPORTED_SYMBOLS_FILE = SkalpC_exports.txt;
				FRAMEWORK_SEARCH_PATHS = "${SRCROOT}/ThirdParty/ruby/lib";
				GCC_C_LANGUAGE_STANDARD = gnu99;
				GCC_DYNAMIC_NO_PIC = NO;
				GCC_ENABLE_OBJC_EXCEPTIONS = YES;
				GCC_NO_COMMON_BLOCKS = YES;
				GCC_OPTIMIZATION_LEVEL = 0;
				GCC_PREPROCESSOR_DEFINITIONS = (
					"DEBUG=1",
					"$(inherited)",
				);
				GCC_SYMBOLS_PRIVATE_EXTERN = NO;
				GCC_WARN_64_TO_32_BIT_CONVERSION = YES;
				GCC_WARN_ABOUT_RETURN_TYPE = YES;
				GCC_WARN_UNDECLARED_SELECTOR = YES;
				GCC_WARN_UNINITIALIZED_AUTOS = YES;
				GCC_WARN_UNUSED_FUNCTION = YES;
				GCC_WARN_UNUSED_VARIABLE = YES;
				MACH_O_TYPE = mh_bundle;
				MACOSX_DEPLOYMENT_TARGET = 10.14;
				ONLY_ACTIVE_ARCH = NO;
				PRODUCT_NAME = SkalpC;
				SDKROOT = macosx;
				VALID_ARCHS = "$(ARCHS_STANDARD)";
			};
			name = Debug;
		};
		33CDE5E8182703B200F7C6E8 /* Release */ = {
			isa = XCBuildConfiguration;
			buildSettings = {
				ALWAYS_SEARCH_USER_PATHS = NO;
				CLANG_ANALYZER_LOCALIZABILITY_NONLOCALIZED = YES;
				CLANG_CXX_LANGUAGE_STANDARD = "gnu++0x";
				CLANG_CXX_LIBRARY = "libc++";
				CLANG_WARN_BLOCK_CAPTURE_AUTORELEASING = YES;
				CLANG_WARN_BOOL_CONVERSION = YES;
				CLANG_WARN_COMMA = YES;
				CLANG_WARN_CONSTANT_CONVERSION = YES;
				CLANG_WARN_DEPRECATED_OBJC_IMPLEMENTATIONS = YES;
				CLANG_WARN_EMPTY_BODY = YES;
				CLANG_WARN_ENUM_CONVERSION = YES;
				CLANG_WARN_INFINITE_RECURSION = YES;
				CLANG_WARN_INT_CONVERSION = YES;
				CLANG_WARN_NON_LITERAL_NULL_CONVERSION = YES;
				CLANG_WARN_OBJC_IMPLICIT_RETAIN_SELF = YES;
				CLANG_WARN_OBJC_LITERAL_CONVERSION = YES;
				CLANG_WARN_QUOTED_INCLUDE_IN_FRAMEWORK_HEADER = YES;
				CLANG_WARN_RANGE_LOOP_ANALYSIS = YES;
				CLANG_WARN_STRICT_PROTOTYPES = YES;
				CLANG_WARN_SUSPICIOUS_MOVE = YES;
				CLANG_WARN_UNREACHABLE_CODE = YES;
				CLANG_WARN__DUPLICATE_METHOD_MATCH = YES;
				COPY_PHASE_STRIP = YES;
				DEBUG_INFORMATION_FORMAT = "dwarf-with-dsym";
				ENABLE_STRICT_OBJC_MSGSEND = YES;
				EXECUTABLE_EXTENSION = bundle;
				EXPORTED_SYMBOLS_FILE = SkalpC_exports.txt;
				FRAMEWORK_SEARCH_PATHS = "${SRCROOT}/ThirdParty/ruby/lib";
				GCC_C_LANGUAGE_STANDARD = gnu99;
				GCC_ENABLE_OBJC_EXCEPTIONS = YES;
				GCC_NO_COMMON_BLOCKS = YES;
				GCC_SYMBOLS_PRIVATE_EXTERN = NO;
				GCC_WARN_64_TO_32_BIT_CONVERSION = YES;
				GCC_WARN_ABOUT_RETURN_TYPE = YES;
				GCC_WARN_UNDECLARED_SELECTOR = YES;
				GCC_WARN_UNINITIALIZED_AUTOS = YES;
				GCC_WARN_UNUSED_FUNCTION = YES;
				GCC_WARN_UNUSED_VARIABLE = YES;
				MACH_O_TYPE = mh_bundle;
				MACOSX_DEPLOYMENT_TARGET = 10.14;
				PRODUCT_NAME = SkalpC;
				SDKROOT = macosx;
				VALID_ARCHS = "$(ARCHS_STANDARD)";
			};
			name = Release;
		};
		E456A9581DAB819F006867DD /* Debug */ = {
			isa = XCBuildConfiguration;
			buildSettings = {
				CLANG_CXX_LANGUAGE_STANDARD = "gnu++0x";
				CLANG_ENABLE_OBJC_WEAK = YES;
				COMBINE_HIDPI_IMAGES = YES;
				CONFIGURATION_BUILD_DIR = "$(SRCROOT)/../Build/mac/Debug";
				CONFIGURATION_TEMP_DIR = "$(SRCROOT)/../Build/mac/Temp";
				DYLIB_COMPATIBILITY_VERSION = "";
				DYLIB_CURRENT_VERSION = "";
				FRAMEWORK_SEARCH_PATHS = (
					"$(inherited)",
					"$(PROJECT_DIR)/ThirdParty/ruby/lib/mac",
				);
				HEADER_SEARCH_PATHS = "${SRCROOT}/ThirdParty/ruby/include/mac";
				MACOSX_DEPLOYMENT_TARGET = 10.14;
				ONLY_ACTIVE_ARCH = NO;
				PRODUCT_NAME = SkalpC;
				STRIP_INSTALLED_PRODUCT = NO;
				VALID_ARCHS = "$(ARCHS_STANDARD)";
			};
			name = Debug;
		};
		E456A9591DAB819F006867DD /* Release */ = {
			isa = XCBuildConfiguration;
			buildSettings = {
				CLANG_CXX_LANGUAGE_STANDARD = "gnu++0x";
				CLANG_ENABLE_OBJC_WEAK = YES;
				COMBINE_HIDPI_IMAGES = YES;
				CONFIGURATION_BUILD_DIR = "$(SRCROOT)/../Build/mac";
				CONFIGURATION_TEMP_DIR = "$(SRCROOT)/../Build/mac/Temp";
				DYLIB_COMPATIBILITY_VERSION = "";
				DYLIB_CURRENT_VERSION = "";
				FRAMEWORK_SEARCH_PATHS = (
					"$(inherited)",
					"$(PROJECT_DIR)/ThirdParty/ruby/lib/mac",
				);
				HEADER_SEARCH_PATHS = "${SRCROOT}/ThirdParty/ruby/include/mac";
				MACOSX_DEPLOYMENT_TARGET = 10.14;
				PRODUCT_NAME = SkalpC;
				STRIP_INSTALLED_PRODUCT = NO;
				VALID_ARCHS = "$(ARCHS_STANDARD)";
			};
			name = Release;
		};
/* End XCBuildConfiguration section */

/* Begin XCConfigurationList section */
		33CDE5DF182703B100F7C6E8 /* Build configuration list for PBXProject "SkalpC" */ = {
			isa = XCConfigurationList;
			buildConfigurations = (
				33CDE5E7182703B200F7C6E8 /* Debug */,
				33CDE5E8182703B200F7C6E8 /* Release */,
			);
			defaultConfigurationIsVisible = 0;
			defaultConfigurationName = Release;
		};
		E456A9571DAB819F006867DD /* Build configuration list for PBXNativeTarget "Ruby_2_5_x86_64" */ = {
			isa = XCConfigurationList;
			buildConfigurations = (
				E456A9581DAB819F006867DD /* Debug */,
				E456A9591DAB819F006867DD /* Release */,
			);
			defaultConfigurationIsVisible = 0;
			defaultConfigurationName = Release;
		};
/* End XCConfigurationList section */
	};
	rootObject = 33CDE5DC182703B100F7C6E8 /* Project object */;
}
